// !$*UTF8*$!
{
	archiveVersion = 1;
	classes = {
	};
	objectVersion = 46;
	objects = {

/* Begin PBXBuildFile section */
		FA3D31D11BD97EBF00D6F938 /* main.m in Sources */ = {isa = PBXBuildFile; fileRef = FA3D31D01BD97EBF00D6F938 /* main.m */; };
		FA3D31D91BD97ED000D6F938 /* Lawyer.m in Sources */ = {isa = PBXBuildFile; fileRef = FA3D31D81BD97ED000D6F938 /* Lawyer.m */; settings = {ASSET_TAGS = (); }; };
		FA3D31DC1BD9810D00D6F938 /* Practice.m in Sources */ = {isa = PBXBuildFile; fileRef = FA3D31DB1BD9810D00D6F938 /* Practice.m */; settings = {ASSET_TAGS = (); }; };
		FA3D31DF1BD9855E00D6F938 /* Client.m in Sources */ = {isa = PBXBuildFile; fileRef = FA3D31DE1BD9855E00D6F938 /* Client.m */; settings = {ASSET_TAGS = (); }; };
		FA3D31E41BD988E800D6F938 /* Associate.m in Sources */ = {isa = PBXBuildFile; fileRef = FA3D31E31BD988E800D6F938 /* Associate.m */; settings = {ASSET_TAGS = (); }; };
/* End PBXBuildFile section */

/* Begin PBXCopyFilesBuildPhase section */
		FA3D31CB1BD97EBF00D6F938 /* CopyFiles */ = {
			isa = PBXCopyFilesBuildPhase;
			buildActionMask = 2147483647;
			dstPath = /usr/share/man/man1/;
			dstSubfolderSpec = 0;
			files = (
			);
			runOnlyForDeploymentPostprocessing = 1;
		};
/* End PBXCopyFilesBuildPhase section */

/* Begin PBXFileReference section */
		FA3D31CD1BD97EBF00D6F938 /* Lawyer Up */ = {isa = PBXFileReference; explicitFileType = "compiled.mach-o.executable"; includeInIndex = 0; path = "Lawyer Up"; sourceTree = BUILT_PRODUCTS_DIR; };
		FA3D31D01BD97EBF00D6F938 /* main.m */ = {isa = PBXFileReference; lastKnownFileType = sourcecode.c.objc; path = main.m; sourceTree = "<group>"; };
		FA3D31D71BD97ED000D6F938 /* Lawyer.h */ = {isa = PBXFileReference; fileEncoding = 4; lastKnownFileType = sourcecode.c.h; name = Lawyer.h; path = ../Lawyer.h; sourceTree = "<group>"; };
		FA3D31D81BD97ED000D6F938 /* Lawyer.m */ = {isa = PBXFileReference; fileEncoding = 4; lastKnownFileType = sourcecode.c.objc; name = Lawyer.m; path = ../Lawyer.m; sourceTree = "<group>"; };
		FA3D31DA1BD9810D00D6F938 /* Practice.h */ = {isa = PBXFileReference; fileEncoding = 4; lastKnownFileType = sourcecode.c.h; path = Practice.h; sourceTree = "<group>"; };
		FA3D31DB1BD9810D00D6F938 /* Practice.m */ = {isa = PBXFileReference; fileEncoding = 4; lastKnownFileType = sourcecode.c.objc; path = Practice.m; sourceTree = "<group>"; };
		FA3D31DD1BD9855E00D6F938 /* Client.h */ = {isa = PBXFileReference; fileEncoding = 4; lastKnownFileType = sourcecode.c.h; path = Client.h; sourceTree = "<group>"; };
		FA3D31DE1BD9855E00D6F938 /* Client.m */ = {isa = PBXFileReference; fileEncoding = 4; lastKnownFileType = sourcecode.c.objc; path = Client.m; sourceTree = "<group>"; };
		FA3D31E21BD988E800D6F938 /* Associate.h */ = {isa = PBXFileReference; fileEncoding = 4; lastKnownFileType = sourcecode.c.h; path = Associate.h; sourceTree = "<group>"; };
		FA3D31E31BD988E800D6F938 /* Associate.m */ = {isa = PBXFileReference; fileEncoding = 4; lastKnownFileType = sourcecode.c.objc; path = Associate.m; sourceTree = "<group>"; };
/* End PBXFileReference section */

/* Begin PBXFrameworksBuildPhase section */
		FA3D31CA1BD97EBF00D6F938 /* Frameworks */ = {
			isa = PBXFrameworksBuildPhase;
			buildActionMask = 2147483647;
			files = (
			);
			runOnlyForDeploymentPostprocessing = 0;
		};
/* End PBXFrameworksBuildPhase section */

/* Begin PBXGroup section */
		FA3D31C41BD97EBF00D6F938 = {
			isa = PBXGroup;
			children = (
				FA3D31CF1BD97EBF00D6F938 /* Lawyer Up */,
				FA3D31CE1BD97EBF00D6F938 /* Products */,
			);
			sourceTree = "<group>";
		};
		FA3D31CE1BD97EBF00D6F938 /* Products */ = {
			isa = PBXGroup;
			children = (
				FA3D31CD1BD97EBF00D6F938 /* Lawyer Up */,
			);
			name = Products;
			sourceTree = "<group>";
		};
		FA3D31CF1BD97EBF00D6F938 /* Lawyer Up */ = {
			isa = PBXGroup;
			children = (
				FA3D31D01BD97EBF00D6F938 /* main.m */,
				FA3D31D71BD97ED000D6F938 /* Lawyer.h */,
				FA3D31D81BD97ED000D6F938 /* Lawyer.m */,
				FA3D31DA1BD9810D00D6F938 /* Practice.h */,
				FA3D31DB1BD9810D00D6F938 /* Practice.m */,
				FA3D31DD1BD9855E00D6F938 /* Client.h */,
				FA3D31DE1BD9855E00D6F938 /* Client.m */,
				FA3D31E21BD988E800D6F938 /* Associate.h */,
				FA3D31E31BD988E800D6F938 /* Associate.m */,
			);
			path = "Lawyer Up";
			sourceTree = "<group>";
		};
/* End PBXGroup section */

/* Begin PBXNativeTarget section */
		FA3D31CC1BD97EBF00D6F938 /* Lawyer Up */ = {
			isa = PBXNativeTarget;
			buildConfigurationList = FA3D31D41BD97EBF00D6F938 /* Build configuration list for PBXNativeTarget "Lawyer Up" */;
			buildPhases = (
				FA3D31C91BD97EBF00D6F938 /* Sources */,
				FA3D31CA1BD97EBF00D6F938 /* Frameworks */,
				FA3D31CB1BD97EBF00D6F938 /* CopyFiles */,
			);
			buildRules = (
			);
			dependencies = (
			);
			name = "Lawyer Up";
			productName = "Lawyer Up";
			productReference = FA3D31CD1BD97EBF00D6F938 /* Lawyer Up */;
			productType = "com.apple.product-type.tool";
		};
/* End PBXNativeTarget section */

/* Begin PBXProject section */
		FA3D31C51BD97EBF00D6F938 /* Project object */ = {
			isa = PBXProject;
			attributes = {
				LastUpgradeCheck = 0700;
				ORGANIZATIONNAME = Alex;
				TargetAttributes = {
					FA3D31CC1BD97EBF00D6F938 = {
						CreatedOnToolsVersion = 7.0.1;
					};
				};
			};
			buildConfigurationList = FA3D31C81BD97EBF00D6F938 /* Build configuration list for PBXProject "Lawyer Up" */;
			compatibilityVersion = "Xcode 3.2";
			developmentRegion = English;
			hasScannedForEncodings = 0;
			knownRegions = (
				en,
			);
			mainGroup = FA3D31C41BD97EBF00D6F938;
			productRefGroup = FA3D31CE1BD97EBF00D6F938 /* Products */;
			projectDirPath = "";
			projectRoot = "";
			targets = (
				FA3D31CC1BD97EBF00D6F938 /* Lawyer Up */,
			);
		};
/* End PBXProject section */

/* Begin PBXSourcesBuildPhase section */
		FA3D31C91BD97EBF00D6F938 /* Sources */ = {
			isa = PBXSourcesBuildPhase;
			buildActionMask = 2147483647;
			files = (
				FA3D31DC1BD9810D00D6F938 /* Practice.m in Sources */,
				FA3D31D11BD97EBF00D6F938 /* main.m in Sources */,
				FA3D31DF1BD9855E00D6F938 /* Client.m in Sources */,
				FA3D31E41BD988E800D6F938 /* Associate.m in Sources */,
				FA3D31D91BD97ED000D6F938 /* Lawyer.m in Sources */,
			);
			runOnlyForDeploymentPostprocessing = 0;
		};
/* End PBXSourcesBuildPhase section */

/* Begin XCBuildConfiguration section */
		FA3D31D21BD97EBF00D6F938 /* Debug */ = {
			isa = XCBuildConfiguration;
			buildSettings = {
				ALWAYS_SEARCH_USER_PATHS = NO;
				CLANG_CXX_LANGUAGE_STANDARD = "gnu++0x";
				CLANG_CXX_LIBRARY = "libc++";
				CLANG_ENABLE_MODULES = YES;
				CLANG_ENABLE_OBJC_ARC = YES;
				CLANG_WARN_BOOL_CONVERSION = YES;
				CLANG_WARN_CONSTANT_CONVERSION = YES;
				CLANG_WARN_DIRECT_OBJC_ISA_USAGE = YES_ERROR;
				CLANG_WARN_EMPTY_BODY = YES;
				CLANG_WARN_ENUM_CONVERSION = YES;
				CLANG_WARN_INT_CONVERSION = YES;
				CLANG_WARN_OBJC_ROOT_CLASS = YES_ERROR;
				CLANG_WARN_UNREACHABLE_CODE = YES;
				CLANG_WARN__DUPLICATE_METHOD_MATCH = YES;
				COPY_PHASE_STRIP = NO;
				DEBUG_INFORMATION_FORMAT = dwarf;
				ENABLE_STRICT_OBJC_MSGSEND = YES;
				ENABLE_TESTABILITY = YES;
				GCC_C_LANGUAGE_STANDARD = gnu99;
				GCC_DYNAMIC_NO_PIC = NO;
				GCC_NO_COMMON_BLOCKS = YES;
				GCC_OPTIMIZATION_LEVEL = 0;
				GCC_PREPROCESSOR_DEFINITIONS = (
					"DEBUG=1",
					"$(inherited)",
				);
				GCC_WARN_64_TO_32_BIT_CONVERSION = YES;
				GCC_WARN_ABOUT_RETURN_TYPE = YES_ERROR;
				GCC_WARN_UNDECLARED_SELECTOR = YES;
				GCC_WARN_UNINITIALIZED_AUTOS = YES_AGGRESSIVE;
				GCC_WARN_UNUSED_FUNCTION = YES;
				GCC_WARN_UNUSED_VARIABLE = YES;
				MACOSX_DEPLOYMENT_TARGET = 10.11;
				MTL_ENABLE_DEBUG_INFO = YES;
				ONLY_ACTIVE_ARCH = YES;
				SDKROOT = macosx;
			};
			name = Debug;
		};
		FA3D31D31BD97EBF00D6F938 /* Release */ = {
			isa = XCBuildConfiguration;
			buildSettings = {
				ALWAYS_SEARCH_USER_PATHS = NO;
				CLANG_CXX_LANGUAGE_STANDARD = "gnu++0x";
				CLANG_CXX_LIBRARY = "libc++";
				CLANG_ENABLE_MODULES = YES;
				CLANG_ENABLE_OBJC_ARC = YES;
				CLANG_WARN_BOOL_CONVERSION = YES;
				CLANG_WARN_CONSTANT_CONVERSION = YES;
				CLANG_WARN_DIRECT_OBJC_ISA_USAGE = YES_ERROR;
				CLANG_WARN_EMPTY_BODY = YES;
				CLANG_WARN_ENUM_CONVERSION = YES;
				CLANG_WARN_INT_CONVERSION = YES;
				CLANG_WARN_OBJC_ROOT_CLASS = YES_ERROR;
				CLANG_WARN_UNREACHABLE_CODE = YES;
				CLANG_WARN__DUPLICATE_METHOD_MATCH = YES;
				COPY_PHASE_STRIP = NO;
				DEBUG_INFORMATION_FORMAT = "dwarf-with-dsym";
				ENABLE_NS_ASSERTIONS = NO;
				ENABLE_STRICT_OBJC_MSGSEND = YES;
				GCC_C_LANGUAGE_STANDARD = gnu99;
				GCC_NO_COMMON_BLOCKS = YES;
				GCC_WARN_64_TO_32_BIT_CONVERSION = YES;
				GCC_WARN_ABOUT_RETURN_TYPE = YES_ERROR;
				GCC_WARN_UNDECLARED_SELECTOR = YES;
				GCC_WARN_UNINITIALIZED_AUTOS = YES_AGGRESSIVE;
				GCC_WARN_UNUSED_FUNCTION = YES;
				GCC_WARN_UNUSED_VARIABLE = YES;
				MACOSX_DEPLOYMENT_TARGET = 10.11;
				MTL_ENABLE_DEBUG_INFO = NO;
				SDKROOT = macosx;
			};
			name = Release;
		};
		FA3D31D51BD97EBF00D6F938 /* Debug */ = {
			isa = XCBuildConfiguration;
			buildSettings = {
				PRODUCT_NAME = "$(TARGET_NAME)";
			};
			name = Debug;
		};
		FA3D31D61BD97EBF00D6F938 /* Release */ = {
			isa = XCBuildConfiguration;
			buildSettings = {
				PRODUCT_NAME = "$(TARGET_NAME)";
			};
			name = Release;
		};
/* End XCBuildConfiguration section */

/* Begin XCConfigurationList section */
		FA3D31C81BD97EBF00D6F938 /* Build configuration list for PBXProject "Lawyer Up" */ = {
			isa = XCConfigurationList;
			buildConfigurations = (
				FA3D31D21BD97EBF00D6F938 /* Debug */,
				FA3D31D31BD97EBF00D6F938 /* Release */,
			);
			defaultConfigurationIsVisible = 0;
			defaultConfigurationName = Release;
		};
		FA3D31D41BD97EBF00D6F938 /* Build configuration list for PBXNativeTarget "Lawyer Up" */ = {
			isa = XCConfigurationList;
			buildConfigurations = (
				FA3D31D51BD97EBF00D6F938 /* Debug */,
				FA3D31D61BD97EBF00D6F938 /* Release */,
			);
			defaultConfigurationIsVisible = 0;
		};
/* End XCConfigurationList section */
	};
	rootObject = FA3D31C51BD97EBF00D6F938 /* Project object */;
}
